
Microsoft Visual Studio Solution File, Format Version 12.00
# Visual Studio Version 17
VisualStudioVersion = 17.10.35013.160
MinimumVisualStudioVersion = 10.0.40219.1
Project("{FAE04EC0-301F-11D3-BF4B-00C04F79EFBC}") = "ArticulosOficinaApp.Server", "ArticulosOficinaApp.Server\ArticulosOficinaApp.Server.csproj", "{F94704CC-029D-4253-8DDF-2504983D5F34}"
EndProject
Project("{54A90642-561A-4BB1-A94E-469ADEE60C69}") = "articulosoficinaapp.client", "articulosoficinaapp.client\articulosoficinaapp.client.esproj", "{78E4A7EE-A348-4581-91A6-9892FE479A00}"
EndProject
Global
	GlobalSection(SolutionConfigurationPlatforms) = preSolution
		Debug|Any CPU = Debug|Any CPU
		Release|Any CPU = Release|Any CPU
	EndGlobalSection
	GlobalSection(ProjectConfigurationPlatforms) = postSolution
		{F94704CC-029D-4253-8DDF-2504983D5F34}.Debug|Any CPU.ActiveCfg = Debug|Any CPU
		{F94704CC-029D-4253-8DDF-2504983D5F34}.Debug|Any CPU.Build.0 = Debug|Any CPU
		{F94704CC-029D-4253-8DDF-2504983D5F34}.Release|Any CPU.ActiveCfg = Release|Any CPU
		{F94704CC-029D-4253-8DDF-2504983D5F34}.Release|Any CPU.Build.0 = Release|Any CPU
		{78E4A7EE-A348-4581-91A6-9892FE479A00}.Debug|Any CPU.ActiveCfg = Debug|Any CPU
		{78E4A7EE-A348-4581-91A6-9892FE479A00}.Debug|Any CPU.Build.0 = Debug|Any CPU
		{78E4A7EE-A348-4581-91A6-9892FE479A00}.Debug|Any CPU.Deploy.0 = Debug|Any CPU
		{78E4A7EE-A348-4581-91A6-9892FE479A00}.Release|Any CPU.ActiveCfg = Release|Any CPU
		{78E4A7EE-A348-4581-91A6-9892FE479A00}.Release|Any CPU.Build.0 = Release|Any CPU
		{78E4A7EE-A348-4581-91A6-9892FE479A00}.Release|Any CPU.Deploy.0 = Release|Any CPU
	EndGlobalSection
	GlobalSection(SolutionProperties) = preSolution
		HideSolutionNode = FALSE
	EndGlobalSection
	GlobalSection(ExtensibilityGlobals) = postSolution
		SolutionGuid = {4EFCF290-2050-4143-BA01-FDEC08100A25}
	EndGlobalSection
EndGlobal
